
Microsoft Visual Studio Solution File, Format Version 12.00
# Visual Studio 2012
Project("{8BC9CEB8-8B4A-11D0-8D11-00A0C91BC942}") = "IntelMicrocodeList", "IntelMicrocodeList\IntelMicrocodeList.vcxproj", "{D523C67F-5FAB-4BC0-B89A-AA65C7275676}"
EndProject
Global
	GlobalSection(SolutionConfigurationPlatforms) = preSolution
		Debug|Win32 = Debug|Win32
		Release|Win32 = Release|Win32
	EndGlobalSection
	GlobalSection(ProjectConfigurationPlatforms) = postSolution
		{D523C67F-5FAB-4BC0-B89A-AA65C7275676}.Debug|Win32.ActiveCfg = Debug|Win32
		{D523C67F-5FAB-4BC0-B89A-AA65C7275676}.Debug|Win32.Build.0 = Debug|Win32
		{D523C67F-5FAB-4BC0-B89A-AA65C7275676}.Release|Win32.ActiveCfg = Release|Win32
		{D523C67F-5FAB-4BC0-B89A-AA65C7275676}.Release|Win32.Build.0 = Release|Win32
	EndGlobalSection
	GlobalSection(SolutionProperties) = preSolution
		HideSolutionNode = FALSE
	EndGlobalSection
EndGlobal
